
Microsoft Visual Studio Solution File, Format Version 12.00
# Visual Studio Version 17
VisualStudioVersion = 17.6.33712.159
MinimumVisualStudioVersion = 10.0.40219.1
Project("{FAE04EC0-301F-11D3-BF4B-00C04F79EFBC}") = "Authentication-Authorization-1.0", "Authentication-Authorization-1.0\Authentication-Authorization-1.0.csproj", "{06926158-0704-4940-B056-2376C9DCB918}"
EndProject
Global
	GlobalSection(SolutionConfigurationPlatforms) = preSolution
		Debug|Any CPU = Debug|Any CPU
		Release|Any CPU = Release|Any CPU
	EndGlobalSection
	GlobalSection(ProjectConfigurationPlatforms) = postSolution
		{06926158-0704-4940-B056-2376C9DCB918}.Debug|Any CPU.ActiveCfg = Debug|Any CPU
		{06926158-0704-4940-B056-2376C9DCB918}.Debug|Any CPU.Build.0 = Debug|Any CPU
		{06926158-0704-4940-B056-2376C9DCB918}.Release|Any CPU.ActiveCfg = Release|Any CPU
		{06926158-0704-4940-B056-2376C9DCB918}.Release|Any CPU.Build.0 = Release|Any CPU
	EndGlobalSection
	GlobalSection(SolutionProperties) = preSolution
		HideSolutionNode = FALSE
	EndGlobalSection
	GlobalSection(ExtensibilityGlobals) = postSolution
		SolutionGuid = {A0D7B373-5E2E-4C75-B1A1-2D4D0CFB8E63}
	EndGlobalSection
EndGlobal
